
Microsoft Visual Studio Solution File, Format Version 12.00
# Visual Studio Version 17
VisualStudioVersion = 17.10.34916.146
MinimumVisualStudioVersion = 10.0.40219.1
Project("{FAE04EC0-301F-11D3-BF4B-00C04F79EFBC}") = "Enel", "Enel\Enel.csproj", "{A6490526-D5B9-4A9C-94CD-4EA4BD96A784}"
EndProject
Global
	GlobalSection(SolutionConfigurationPlatforms) = preSolution
		Debug|Any CPU = Debug|Any CPU
		Release|Any CPU = Release|Any CPU
	EndGlobalSection
	GlobalSection(ProjectConfigurationPlatforms) = postSolution
		{A6490526-D5B9-4A9C-94CD-4EA4BD96A784}.Debug|Any CPU.ActiveCfg = Debug|Any CPU
		{A6490526-D5B9-4A9C-94CD-4EA4BD96A784}.Debug|Any CPU.Build.0 = Debug|Any CPU
		{A6490526-D5B9-4A9C-94CD-4EA4BD96A784}.Release|Any CPU.ActiveCfg = Release|Any CPU
		{A6490526-D5B9-4A9C-94CD-4EA4BD96A784}.Release|Any CPU.Build.0 = Release|Any CPU
	EndGlobalSection
	GlobalSection(SolutionProperties) = preSolution
		HideSolutionNode = FALSE
	EndGlobalSection
	GlobalSection(ExtensibilityGlobals) = postSolution
		SolutionGuid = {BC5C1C82-AC0B-487A-8CB5-8A02E6F8E733}
	EndGlobalSection
EndGlobal
